
Microsoft Visual Studio Solution File, Format Version 12.00
# Visual Studio 15
VisualStudioVersion = 15.0.28307.136
MinimumVisualStudioVersion = 10.0.40219.1
Project("{9A19103F-16F7-4668-BE54-9A1E7A4F7556}") = "ScriptsManager.CLI", "ScriptsManager\CLI\ScriptsManager.CLI.csproj", "{342E8E2D-9427-4CEB-A325-3FB68252C11F}"
EndProject
Project("{FAE04EC0-301F-11D3-BF4B-00C04F79EFBC}") = "ScriptsManager", "ScriptsManager\ScriptsManager.csproj", "{F603DEC5-55FB-4F32-83A4-76B1CE6BB9AB}"
EndProject
Global
	GlobalSection(SolutionConfigurationPlatforms) = preSolution
		Debug|Any CPU = Debug|Any CPU
		Release|Any CPU = Release|Any CPU
	EndGlobalSection
	GlobalSection(ProjectConfigurationPlatforms) = postSolution
		{342E8E2D-9427-4CEB-A325-3FB68252C11F}.Debug|Any CPU.ActiveCfg = Debug|Any CPU
		{342E8E2D-9427-4CEB-A325-3FB68252C11F}.Debug|Any CPU.Build.0 = Debug|Any CPU
		{342E8E2D-9427-4CEB-A325-3FB68252C11F}.Release|Any CPU.ActiveCfg = Release|Any CPU
		{342E8E2D-9427-4CEB-A325-3FB68252C11F}.Release|Any CPU.Build.0 = Release|Any CPU
		{F603DEC5-55FB-4F32-83A4-76B1CE6BB9AB}.Debug|Any CPU.ActiveCfg = Debug|Any CPU
		{F603DEC5-55FB-4F32-83A4-76B1CE6BB9AB}.Debug|Any CPU.Build.0 = Debug|Any CPU
		{F603DEC5-55FB-4F32-83A4-76B1CE6BB9AB}.Release|Any CPU.ActiveCfg = Release|Any CPU
		{F603DEC5-55FB-4F32-83A4-76B1CE6BB9AB}.Release|Any CPU.Build.0 = Release|Any CPU
	EndGlobalSection
	GlobalSection(SolutionProperties) = preSolution
		HideSolutionNode = FALSE
	EndGlobalSection
	GlobalSection(ExtensibilityGlobals) = postSolution
		SolutionGuid = {61F8811B-CF04-41FD-8B34-627FD724B991}
	EndGlobalSection
EndGlobal
